
Microsoft Visual Studio Solution File, Format Version 12.00
# Visual Studio Version 17
VisualStudioVersion = 17.8.34511.84
MinimumVisualStudioVersion = 10.0.40219.1
Project("{FAE04EC0-301F-11D3-BF4B-00C04F79EFBC}") = "Web1.Api", "Web1.Api\Web1.Api.csproj", "{A36EAFDD-A1C5-4D05-9347-7031CFD9996D}"
EndProject
Project("{FAE04EC0-301F-11D3-BF4B-00C04F79EFBC}") = "Web1.Api.Infrastructure.Built", "Web1.Api.Infrastructure.Built\Web1.Api.Infrastructure.Built.csproj", "{52671F58-2E1B-4C95-911E-16D846FA4191}"
EndProject
Global
	GlobalSection(SolutionConfigurationPlatforms) = preSolution
		Debug|Any CPU = Debug|Any CPU
		Release|Any CPU = Release|Any CPU
	EndGlobalSection
	GlobalSection(ProjectConfigurationPlatforms) = postSolution
		{A36EAFDD-A1C5-4D05-9347-7031CFD9996D}.Debug|Any CPU.ActiveCfg = Debug|Any CPU
		{A36EAFDD-A1C5-4D05-9347-7031CFD9996D}.Debug|Any CPU.Build.0 = Debug|Any CPU
		{A36EAFDD-A1C5-4D05-9347-7031CFD9996D}.Release|Any CPU.ActiveCfg = Release|Any CPU
		{A36EAFDD-A1C5-4D05-9347-7031CFD9996D}.Release|Any CPU.Build.0 = Release|Any CPU
		{52671F58-2E1B-4C95-911E-16D846FA4191}.Debug|Any CPU.ActiveCfg = Debug|Any CPU
		{52671F58-2E1B-4C95-911E-16D846FA4191}.Debug|Any CPU.Build.0 = Debug|Any CPU
		{52671F58-2E1B-4C95-911E-16D846FA4191}.Release|Any CPU.ActiveCfg = Release|Any CPU
		{52671F58-2E1B-4C95-911E-16D846FA4191}.Release|Any CPU.Build.0 = Release|Any CPU
	EndGlobalSection
	GlobalSection(SolutionProperties) = preSolution
		HideSolutionNode = FALSE
	EndGlobalSection
	GlobalSection(ExtensibilityGlobals) = postSolution
		SolutionGuid = {D11637FE-972C-4EF2-9831-14037F88B5A8}
	EndGlobalSection
EndGlobal
